
Microsoft Visual Studio Solution File, Format Version 12.00
# Visual Studio Version 17
VisualStudioVersion = 17.0.32014.148
MinimumVisualStudioVersion = 10.0.40219.1
Project("{FAE04EC0-301F-11D3-BF4B-00C04F79EFBC}") = "Inventar 2.0", "Inventar 2.0.csproj", "{655BC02C-4053-4C22-82CF-13EFEC90F237}"
EndProject
Global
	GlobalSection(SolutionConfigurationPlatforms) = preSolution
		Debug|Any CPU = Debug|Any CPU
		Release|Any CPU = Release|Any CPU
	EndGlobalSection
	GlobalSection(ProjectConfigurationPlatforms) = postSolution
		{655BC02C-4053-4C22-82CF-13EFEC90F237}.Debug|Any CPU.ActiveCfg = Debug|Any CPU
		{655BC02C-4053-4C22-82CF-13EFEC90F237}.Debug|Any CPU.Build.0 = Debug|Any CPU
		{655BC02C-4053-4C22-82CF-13EFEC90F237}.Release|Any CPU.ActiveCfg = Release|Any CPU
		{655BC02C-4053-4C22-82CF-13EFEC90F237}.Release|Any CPU.Build.0 = Release|Any CPU
	EndGlobalSection
	GlobalSection(SolutionProperties) = preSolution
		HideSolutionNode = FALSE
	EndGlobalSection
	GlobalSection(ExtensibilityGlobals) = postSolution
		SolutionGuid = {81B84136-E838-4870-B10C-52C1C5A51CA1}
	EndGlobalSection
EndGlobal
